
Microsoft Visual Studio Solution File, Format Version 12.00
Project("{FAE04EC0-301F-11D3-BF4B-00C04F79EFBC}") = "study-abroad", "study-abroad\study-abroad.csproj", "{1537D561-2009-44A7-93A0-CE398A2796D1}"
EndProject
Global
	GlobalSection(SolutionConfigurationPlatforms) = preSolution
		Debug|Any CPU = Debug|Any CPU
		Release|Any CPU = Release|Any CPU
	EndGlobalSection
	GlobalSection(ProjectConfigurationPlatforms) = postSolution
		{1537D561-2009-44A7-93A0-CE398A2796D1}.Debug|Any CPU.ActiveCfg = Debug|Any CPU
		{1537D561-2009-44A7-93A0-CE398A2796D1}.Debug|Any CPU.Build.0 = Debug|Any CPU
		{1537D561-2009-44A7-93A0-CE398A2796D1}.Release|Any CPU.ActiveCfg = Release|Any CPU
		{1537D561-2009-44A7-93A0-CE398A2796D1}.Release|Any CPU.Build.0 = Release|Any CPU
	EndGlobalSection
EndGlobal
